
Microsoft Visual Studio Solution File, Format Version 12.00
Project("{FAE04EC0-301F-11D3-BF4B-00C04F79EFBC}") = "AppLocker", "AppLocker\AppLocker.csproj", "{C1B86B93-9A1A-40BE-93C0-374CA20E4FBC}"
EndProject
Project("{FAE04EC0-301F-11D3-BF4B-00C04F79EFBC}") = "AppLockerWatchdog", "AppLockerWatchdog\AppLockerWatchdog.csproj", "{2655755E-7325-424A-808C-FF6D4080C03A}"
EndProject
Global
	GlobalSection(SolutionConfigurationPlatforms) = preSolution
		Debug|Any CPU = Debug|Any CPU
		Release|Any CPU = Release|Any CPU
	EndGlobalSection
	GlobalSection(ProjectConfigurationPlatforms) = postSolution
		{C1B86B93-9A1A-40BE-93C0-374CA20E4FBC}.Debug|Any CPU.ActiveCfg = Debug|Any CPU
		{C1B86B93-9A1A-40BE-93C0-374CA20E4FBC}.Debug|Any CPU.Build.0 = Debug|Any CPU
		{C1B86B93-9A1A-40BE-93C0-374CA20E4FBC}.Release|Any CPU.ActiveCfg = Release|Any CPU
		{C1B86B93-9A1A-40BE-93C0-374CA20E4FBC}.Release|Any CPU.Build.0 = Release|Any CPU
		{2655755E-7325-424A-808C-FF6D4080C03A}.Debug|Any CPU.ActiveCfg = Debug|Any CPU
		{2655755E-7325-424A-808C-FF6D4080C03A}.Debug|Any CPU.Build.0 = Debug|Any CPU
		{2655755E-7325-424A-808C-FF6D4080C03A}.Release|Any CPU.ActiveCfg = Release|Any CPU
		{2655755E-7325-424A-808C-FF6D4080C03A}.Release|Any CPU.Build.0 = Release|Any CPU
	EndGlobalSection
EndGlobal
